{
  "requires": true,
  "lockfileVersion": 1,
  "dependencies": {
    "vue-html-to-paper": {
      "version": "1.4.5",
      "resolved": "https://registry.npmjs.org/vue-html-to-paper/-/vue-html-to-paper-1.4.5.tgz",
      "integrity": "sha512-jfit6ChzDZD+WrBXV1PxAWztfNHT3lrsZrH1GHMoFM9+vZd+Gs1DCkRExbzIALATS2jZkmUwPSqlhPVFAbeZ/A=="
    }
  }
}
